# This file is automatically @generated by Cargo.
# It is not intended for manual editing.
version = 4

[[package]]
name = "hgl-alloc-count"
version = "0.0.0"

[[package]]
name = "hgl-bench-twin"
version = "0.0.0"
dependencies = [
 "hgl-alloc-count",
 "hgl-describe",
 "hgl-kernel",
 "hgl-proto-nodes",
 "hgl-store",
 "hgl-types",
]

[[package]]
name = "hgl-bindings"
version = "0.0.0"
dependencies = [
 "hgl-endpoints",
 "hgl-types",
]

[[package]]
name = "hgl-compiler"
version = "0.0.0"
dependencies = [
 "hgl-documentation",
]

[[package]]
name = "hgl-deadlines"
version = "0.0.0"
dependencies = [
 "hgl-types",
]

[[package]]
name = "hgl-describe"
version = "0.0.0"
dependencies = [
 "hgl-kernel",
 "hgl-nested",
 "hgl-plan",
 "hgl-store",
 "hgl-types",
]

[[package]]
name = "hgl-documentation"
version = "0.0.0"

[[package]]
name = "hgl-endpoints"
version = "0.0.0"
dependencies = [
 "hgl-types",
]

[[package]]
name = "hgl-fixed-bench"
version = "0.0.0"
dependencies = [
 "hgl-kernel",
 "hgl-store",
 "hgl-types",
]

[[package]]
name = "hgl-kernel"
version = "0.0.0"
dependencies = [
 "hgl-alloc-count",
 "hgl-deadlines",
 "hgl-store",
 "hgl-types",
]

[[package]]
name = "hgl-native"
version = "0.0.0"
dependencies = [
 "hgl-alloc-count",
 "hgl-store",
 "hgl-types",
]

[[package]]
name = "hgl-nested"
version = "0.0.0"
dependencies = [
 "hgl-alloc-count",
 "hgl-deadlines",
 "hgl-kernel",
 "hgl-store",
 "hgl-types",
]

[[package]]
name = "hgl-plan"
version = "0.0.0"
dependencies = [
 "hgl-store",
 "hgl-types",
]

[[package]]
name = "hgl-proto-nodes"
version = "0.0.0"
dependencies = [
 "hgl-alloc-count",
 "hgl-describe",
 "hgl-kernel",
 "hgl-store",
 "hgl-types",
]

[[package]]
name = "hgl-stdlib"
version = "0.0.0"
dependencies = [
 "hgl-alloc-count",
 "hgl-describe",
 "hgl-kernel",
 "hgl-native",
 "hgl-store",
 "hgl-testkit",
 "hgl-types",
]

[[package]]
name = "hgl-store"
version = "0.0.0"
dependencies = [
 "hgl-alloc-count",
 "hgl-bindings",
 "hgl-types",
]

[[package]]
name = "hgl-testkit"
version = "0.0.0"
dependencies = [
 "hgl-alloc-count",
 "hgl-describe",
 "hgl-kernel",
 "hgl-proto-nodes",
 "hgl-store",
 "hgl-types",
]

[[package]]
name = "hgl-types"
version = "0.0.0"

[[package]]
name = "xtask"
version = "0.0.0"
