# This file is automatically @generated by Cargo.
# It is not intended for manual editing.
version = 4

[[package]]
name = "hgl-alloc-count"
version = "0.0.0"

[[package]]
name = "hgl-atomic"
version = "0.0.0"
dependencies = [
 "hgl-bindings",
 "hgl-global-value",
 "hgl-shapes",
 "hgl-types",
]

[[package]]
name = "hgl-bench-twin"
version = "0.0.0"
dependencies = [
 "hgl-alloc-count",
 "hgl-describe",
 "hgl-kernel",
 "hgl-proto-nodes",
 "hgl-store",
 "hgl-types",
]

[[package]]
name = "hgl-bindings"
version = "0.0.0"
dependencies = [
 "hgl-endpoints",
 "hgl-types",
]

[[package]]
name = "hgl-body-check"
version = "0.0.0"
dependencies = [
 "hgl-library",
 "hgl-source",
]

[[package]]
name = "hgl-calendar"
version = "0.0.0"
dependencies = [
 "hgl-types",
]

[[package]]
name = "hgl-columns"
version = "0.0.0"
dependencies = [
 "hgl-types",
]

[[package]]
name = "hgl-compiler"
version = "0.0.0"
dependencies = [
 "hgl-documentation",
 "hgl-program",
]

[[package]]
name = "hgl-deadlines"
version = "0.0.0"
dependencies = [
 "hgl-types",
]

[[package]]
name = "hgl-delta-check"
version = "0.0.0"
dependencies = [
 "hgl-source",
]

[[package]]
name = "hgl-describe"
version = "0.0.0"
dependencies = [
 "hgl-kernel",
 "hgl-nested",
 "hgl-plan",
 "hgl-store",
 "hgl-types",
]

[[package]]
name = "hgl-documentation"
version = "0.0.0"

[[package]]
name = "hgl-endpoint-check"
version = "0.0.0"
dependencies = [
 "hgl-rust-ir",
 "hgl-source",
 "hgl-value-bind",
]

[[package]]
name = "hgl-endpoints"
version = "0.0.0"
dependencies = [
 "hgl-types",
]

[[package]]
name = "hgl-eval-data"
version = "0.0.0"
dependencies = [
 "hgl-rust-ir",
 "hgl-source",
 "hgl-value-eval",
]

[[package]]
name = "hgl-fixed-bench"
version = "0.0.0"
dependencies = [
 "hgl-kernel",
 "hgl-store",
 "hgl-types",
]

[[package]]
name = "hgl-flow-check"
version = "0.0.0"
dependencies = [
 "hgl-rust-ir",
]

[[package]]
name = "hgl-global"
version = "0.0.0"
dependencies = [
 "hgl-global-value",
 "hgl-list",
 "hgl-types",
]

[[package]]
name = "hgl-global-arena"
version = "0.0.0"
dependencies = [
 "hgl-columns",
 "hgl-types",
]

[[package]]
name = "hgl-global-value"
version = "0.0.0"
dependencies = [
 "hgl-columns",
 "hgl-global-arena",
 "hgl-types",
]

[[package]]
name = "hgl-kernel"
version = "0.0.0"
dependencies = [
 "hgl-alloc-count",
 "hgl-deadlines",
 "hgl-store",
 "hgl-types",
]

[[package]]
name = "hgl-lex"
version = "0.0.0"

[[package]]
name = "hgl-library"
version = "0.0.0"
dependencies = [
 "hgl-source",
]

[[package]]
name = "hgl-list"
version = "0.0.0"
dependencies = [
 "hgl-global-value",
 "hgl-types",
]

[[package]]
name = "hgl-native"
version = "0.0.0"
dependencies = [
 "hgl-alloc-count",
 "hgl-store",
 "hgl-types",
]

[[package]]
name = "hgl-nested"
version = "0.0.0"
dependencies = [
 "hgl-alloc-count",
 "hgl-deadlines",
 "hgl-kernel",
 "hgl-store",
 "hgl-types",
]

[[package]]
name = "hgl-plan"
version = "0.0.0"
dependencies = [
 "hgl-store",
 "hgl-types",
]

[[package]]
name = "hgl-program"
version = "0.0.0"
dependencies = [
 "hgl-body-check",
 "hgl-delta-check",
 "hgl-documentation",
 "hgl-endpoint-check",
 "hgl-eval-data",
 "hgl-flow-check",
 "hgl-library",
 "hgl-rust",
 "hgl-source",
 "hgl-struct-check",
 "hgl-type-sizes",
 "hgl-value-access",
 "hgl-value-bind",
 "hgl-value-check",
 "hgl-value-eval",
 "hgl-value-types",
]

[[package]]
name = "hgl-proto-nodes"
version = "0.0.0"
dependencies = [
 "hgl-alloc-count",
 "hgl-describe",
 "hgl-kernel",
 "hgl-store",
 "hgl-types",
]

[[package]]
name = "hgl-rust"
version = "0.0.0"
dependencies = [
 "hgl-rust-deltas",
 "hgl-rust-generators",
 "hgl-rust-ir",
 "hgl-rust-values",
 "hgl-source",
]

[[package]]
name = "hgl-rust-deltas"
version = "0.0.0"
dependencies = [
 "hgl-rust-ir",
 "hgl-rust-layouts",
 "hgl-source",
]

[[package]]
name = "hgl-rust-generators"
version = "0.0.0"
dependencies = [
 "hgl-rust-deltas",
 "hgl-rust-ir",
 "hgl-rust-values",
 "hgl-source",
]

[[package]]
name = "hgl-rust-ir"
version = "0.0.0"
dependencies = [
 "hgl-source",
]

[[package]]
name = "hgl-rust-layouts"
version = "0.0.0"
dependencies = [
 "hgl-rust-ir",
 "hgl-source",
]

[[package]]
name = "hgl-rust-values"
version = "0.0.0"
dependencies = [
 "hgl-rust-deltas",
 "hgl-rust-ir",
 "hgl-rust-layouts",
 "hgl-source",
]

[[package]]
name = "hgl-shape-obligations"
version = "0.0.0"
dependencies = [
 "hgl-library",
 "hgl-source",
 "hgl-struct-names",
 "hgl-value-access",
]

[[package]]
name = "hgl-shapes"
version = "0.0.0"
dependencies = [
 "hgl-bindings",
 "hgl-global-value",
 "hgl-types",
]

[[package]]
name = "hgl-source"
version = "0.0.0"
dependencies = [
 "hgl-calendar",
 "hgl-lex",
 "hgl-type-shape",
]

[[package]]
name = "hgl-std-native"
version = "0.0.0"
dependencies = [
 "hgl-calendar",
 "hgl-kernel",
 "hgl-store",
 "hgl-types",
]

[[package]]
name = "hgl-stdlib"
version = "0.0.0"
dependencies = [
 "hgl-alloc-count",
 "hgl-describe",
 "hgl-kernel",
 "hgl-native",
 "hgl-store",
 "hgl-testkit",
 "hgl-types",
]

[[package]]
name = "hgl-store"
version = "0.0.0"
dependencies = [
 "hgl-alloc-count",
 "hgl-atomic",
 "hgl-bindings",
 "hgl-columns",
 "hgl-global",
 "hgl-shapes",
 "hgl-types",
]

[[package]]
name = "hgl-struct-check"
version = "0.0.0"
dependencies = [
 "hgl-library",
 "hgl-rust-ir",
 "hgl-source",
 "hgl-type-sizes",
 "hgl-value-access",
 "hgl-value-types",
]

[[package]]
name = "hgl-struct-names"
version = "0.0.0"
dependencies = [
 "hgl-library",
 "hgl-source",
]

[[package]]
name = "hgl-testkit"
version = "0.0.0"
dependencies = [
 "hgl-alloc-count",
 "hgl-describe",
 "hgl-kernel",
 "hgl-proto-nodes",
 "hgl-store",
 "hgl-types",
]

[[package]]
name = "hgl-type-shape"
version = "0.0.0"

[[package]]
name = "hgl-type-sizes"
version = "0.0.0"
dependencies = [
 "hgl-rust-ir",
 "hgl-source",
 "hgl-value-check",
 "hgl-value-eval",
]

[[package]]
name = "hgl-types"
version = "0.0.0"

[[package]]
name = "hgl-value-access"
version = "0.0.0"
dependencies = [
 "hgl-rust-ir",
 "hgl-source",
]

[[package]]
name = "hgl-value-bind"
version = "0.0.0"
dependencies = [
 "hgl-library",
 "hgl-rust-ir",
 "hgl-source",
 "hgl-value-access",
 "hgl-value-types",
]

[[package]]
name = "hgl-value-check"
version = "0.0.0"
dependencies = [
 "hgl-library",
 "hgl-rust-ir",
 "hgl-source",
 "hgl-value-access",
]

[[package]]
name = "hgl-value-eval"
version = "0.0.0"
dependencies = [
 "hgl-rust-ir",
 "hgl-source",
]

[[package]]
name = "hgl-value-types"
version = "0.0.0"
dependencies = [
 "hgl-library",
 "hgl-shape-obligations",
 "hgl-source",
 "hgl-struct-names",
 "hgl-type-sizes",
 "hgl-value-access",
 "hgl-value-check",
]

[[package]]
name = "xtask"
version = "0.0.0"
